
Microsoft Visual Studio Solution File, Format Version 12.00
# Visual Studio Version 17
VisualStudioVersion = 17.11.35312.102
MinimumVisualStudioVersion = 10.0.40219.1
Project("{FAE04EC0-301F-11D3-BF4B-00C04F79EFBC}") = "MyNewApp", "MyNewApp\MyNewApp.csproj", "{7BFC58FE-8F8B-46ED-9FC0-E98968CF0E0D}"
EndProject
Global
	GlobalSection(SolutionConfigurationPlatforms) = preSolution
		Debug|Any CPU = Debug|Any CPU
		Release|Any CPU = Release|Any CPU
	EndGlobalSection
	GlobalSection(ProjectConfigurationPlatforms) = postSolution
		{7BFC58FE-8F8B-46ED-9FC0-E98968CF0E0D}.Debug|Any CPU.ActiveCfg = Debug|Any CPU
		{7BFC58FE-8F8B-46ED-9FC0-E98968CF0E0D}.Debug|Any CPU.Build.0 = Debug|Any CPU
		{7BFC58FE-8F8B-46ED-9FC0-E98968CF0E0D}.Release|Any CPU.ActiveCfg = Release|Any CPU
		{7BFC58FE-8F8B-46ED-9FC0-E98968CF0E0D}.Release|Any CPU.Build.0 = Release|Any CPU
	EndGlobalSection
	GlobalSection(SolutionProperties) = preSolution
		HideSolutionNode = FALSE
	EndGlobalSection
	GlobalSection(ExtensibilityGlobals) = postSolution
		SolutionGuid = {E50E9BDC-EB57-4CDA-B016-16F29AF08F2B}
	EndGlobalSection
EndGlobal
